Microsoft Visual Studio Solution File, Format Version 12.00
# Visual Studio 2012
Project("{FAE04EC0-301F-11D3-BF4B-00C04F79EFBC}") = "AttachTextBox", "AttachTextBox.csproj", "{E85500D6-D03D-4DDF-AF5E-DD23A9CDF50E}"
EndProject
Global
	GlobalSection(SolutionConfigurationPlatforms) = preSolution
	Debug|Any CPU = Debug|Any CPU
	ExportDebug|Any CPU = ExportDebug|Any CPU
	ExportRelease|Any CPU = ExportRelease|Any CPU
	EndGlobalSection
	GlobalSection(ProjectConfigurationPlatforms) = postSolution
		{E85500D6-D03D-4DDF-AF5E-DD23A9CDF50E}.Debug|Any CPU.ActiveCfg = Debug|Any CPU
		{E85500D6-D03D-4DDF-AF5E-DD23A9CDF50E}.Debug|Any CPU.Build.0 = Debug|Any CPU
		{E85500D6-D03D-4DDF-AF5E-DD23A9CDF50E}.ExportDebug|Any CPU.ActiveCfg = ExportDebug|Any CPU
		{E85500D6-D03D-4DDF-AF5E-DD23A9CDF50E}.ExportDebug|Any CPU.Build.0 = ExportDebug|Any CPU
		{E85500D6-D03D-4DDF-AF5E-DD23A9CDF50E}.ExportRelease|Any CPU.ActiveCfg = ExportRelease|Any CPU
		{E85500D6-D03D-4DDF-AF5E-DD23A9CDF50E}.ExportRelease|Any CPU.Build.0 = ExportRelease|Any CPU
	EndGlobalSection
EndGlobal
